// !$*UTF8*$!
{
	archiveVersion = 1;
	classes = {
	};
	objectVersion = 46;
	objects = {

/* Begin PBXBuildFile section */
		76DD10161B6657D500AA3EC8 /* main.m in Sources */ = {isa = PBXBuildFile; fileRef = 76DD10151B6657D500AA3EC8 /* main.m */; };
		76DD10191B6657D500AA3EC8 /* AppDelegate.m in Sources */ = {isa = PBXBuildFile; fileRef = 76DD10181B6657D500AA3EC8 /* AppDelegate.m */; };
		76DD101F1B6657D500AA3EC8 /* Main.storyboard in Resources */ = {isa = PBXBuildFile; fileRef = 76DD101D1B6657D500AA3EC8 /* Main.storyboard */; };
		76DD10211B6657D500AA3EC8 /* Images.xcassets in Resources */ = {isa = PBXBuildFile; fileRef = 76DD10201B6657D500AA3EC8 /* Images.xcassets */; };
		76DD10241B6657D500AA3EC8 /* LaunchScreen.xib in Resources */ = {isa = PBXBuildFile; fileRef = 76DD10221B6657D500AA3EC8 /* LaunchScreen.xib */; };
		76DD10301B6657D500AA3EC8 /* CitrusPay_iOS_SDK_Sample_AppTests.m in Sources */ = {isa = PBXBuildFile; fileRef = 76DD102F1B6657D500AA3EC8 /* CitrusPay_iOS_SDK_Sample_AppTests.m */; };
		76DD10A41B6657F100AA3EC8 /* libCitrusPayMobile.a in Frameworks */ = {isa = PBXBuildFile; fileRef = 76DD10A31B6657F100AA3EC8 /* libCitrusPayMobile.a */; };
		76DD10AA1B665A0700AA3EC8 /* SampleViewController.m in Sources */ = {isa = PBXBuildFile; fileRef = 76DD10A61B665A0700AA3EC8 /* SampleViewController.m */; };
		76DD10AB1B665A0700AA3EC8 /* WebGatewayViewController.m in Sources */ = {isa = PBXBuildFile; fileRef = 76DD10A91B665A0700AA3EC8 /* WebGatewayViewController.m */; };
/* End PBXBuildFile section */

/* Begin PBXContainerItemProxy section */
		76DD102A1B6657D500AA3EC8 /* PBXContainerItemProxy */ = {
			isa = PBXContainerItemProxy;
			containerPortal = 76DD10081B6657D500AA3EC8 /* Project object */;
			proxyType = 1;
			remoteGlobalIDString = 76DD100F1B6657D500AA3EC8;
			remoteInfo = "CitrusPay-iOS-SDK-Sample-App";
		};
/* End PBXContainerItemProxy section */

/* Begin PBXFileReference section */
		76DD10101B6657D500AA3EC8 /* CitrusPay-iOS-SDK-Sample-App.app */ = {isa = PBXFileReference; explicitFileType = wrapper.application; includeInIndex = 0; path = "CitrusPay-iOS-SDK-Sample-App.app"; sourceTree = BUILT_PRODUCTS_DIR; };
		76DD10141B6657D500AA3EC8 /* Info.plist */ = {isa = PBXFileReference; lastKnownFileType = text.plist.xml; path = Info.plist; sourceTree = "<group>"; };
		76DD10151B6657D500AA3EC8 /* main.m */ = {isa = PBXFileReference; lastKnownFileType = sourcecode.c.objc; path = main.m; sourceTree = "<group>"; };
		76DD10171B6657D500AA3EC8 /* AppDelegate.h */ = {isa = PBXFileReference; lastKnownFileType = sourcecode.c.h; path = AppDelegate.h; sourceTree = "<group>"; };
		76DD10181B6657D500AA3EC8 /* AppDelegate.m */ = {isa = PBXFileReference; lastKnownFileType = sourcecode.c.objc; path = AppDelegate.m; sourceTree = "<group>"; };
		76DD101E1B6657D500AA3EC8 /* Base */ = {isa = PBXFileReference; lastKnownFileType = file.storyboard; name = Base; path = Base.lproj/Main.storyboard; sourceTree = "<group>"; };
		76DD10201B6657D500AA3EC8 /* Images.xcassets */ = {isa = PBXFileReference; lastKnownFileType = folder.assetcatalog; path = Images.xcassets; sourceTree = "<group>"; };
		76DD10231B6657D500AA3EC8 /* Base */ = {isa = PBXFileReference; lastKnownFileType = file.xib; name = Base; path = Base.lproj/LaunchScreen.xib; sourceTree = "<group>"; };
		76DD10291B6657D500AA3EC8 /* CitrusPay-iOS-SDK-Sample-AppTests.xctest */ = {isa = PBXFileReference; explicitFileType = wrapper.cfbundle; includeInIndex = 0; path = "CitrusPay-iOS-SDK-Sample-AppTests.xctest"; sourceTree = BUILT_PRODUCTS_DIR; };
		76DD102E1B6657D500AA3EC8 /* Info.plist */ = {isa = PBXFileReference; lastKnownFileType = text.plist.xml; path = Info.plist; sourceTree = "<group>"; };
		76DD102F1B6657D500AA3EC8 /* CitrusPay_iOS_SDK_Sample_AppTests.m */ = {isa = PBXFileReference; lastKnownFileType = sourcecode.c.objc; path = CitrusPay_iOS_SDK_Sample_AppTests.m; sourceTree = "<group>"; };
		76DD103B1B6657F100AA3EC8 /* CitrusCashRes.h */ = {isa = PBXFileReference; fileEncoding = 4; lastKnownFileType = sourcecode.c.h; path = CitrusCashRes.h; sourceTree = "<group>"; };
		76DD103C1B6657F100AA3EC8 /* CitrusSdk.h */ = {isa = PBXFileReference; fileEncoding = 4; lastKnownFileType = sourcecode.c.h; path = CitrusSdk.h; sourceTree = "<group>"; };
		76DD103D1B6657F100AA3EC8 /* CreditCard-Validator.h */ = {isa = PBXFileReference; fileEncoding = 4; lastKnownFileType = sourcecode.c.h; path = "CreditCard-Validator.h"; sourceTree = "<group>"; };
		76DD103E1B6657F100AA3EC8 /* CTSAmount.h */ = {isa = PBXFileReference; fileEncoding = 4; lastKnownFileType = sourcecode.c.h; path = CTSAmount.h; sourceTree = "<group>"; };
		76DD103F1B6657F100AA3EC8 /* CTSAuthLayer.h */ = {isa = PBXFileReference; fileEncoding = 4; lastKnownFileType = sourcecode.c.h; path = CTSAuthLayer.h; sourceTree = "<group>"; };
		76DD10401B6657F100AA3EC8 /* CTSAuthLayerConstants.h */ = {isa = PBXFileReference; fileEncoding = 4; lastKnownFileType = sourcecode.c.h; path = CTSAuthLayerConstants.h; sourceTree = "<group>"; };
		76DD10411B6657F100AA3EC8 /* CTSBill.h */ = {isa = PBXFileReference; fileEncoding = 4; lastKnownFileType = sourcecode.c.h; path = CTSBill.h; sourceTree = "<group>"; };
		76DD10421B6657F100AA3EC8 /* CTSCashoutBankAccount.h */ = {isa = PBXFileReference; fileEncoding = 4; lastKnownFileType = sourcecode.c.h; path = CTSCashoutBankAccount.h; sourceTree = "<group>"; };
		76DD10431B6657F100AA3EC8 /* CTSCashoutBankAccountResp.h */ = {isa = PBXFileReference; fileEncoding = 4; lastKnownFileType = sourcecode.c.h; path = CTSCashoutBankAccountResp.h; sourceTree = "<group>"; };
		76DD10441B6657F100AA3EC8 /* CTSCashoutToBankRes.h */ = {isa = PBXFileReference; fileEncoding = 4; lastKnownFileType = sourcecode.c.h; path = CTSCashoutToBankRes.h; sourceTree = "<group>"; };
		76DD10451B6657F100AA3EC8 /* CTSContactUpdate.h */ = {isa = PBXFileReference; fileEncoding = 4; lastKnownFileType = sourcecode.c.h; path = CTSContactUpdate.h; sourceTree = "<group>"; };
		76DD10461B6657F100AA3EC8 /* CTSCoreProtocol.h */ = {isa = PBXFileReference; fileEncoding = 4; lastKnownFileType = sourcecode.c.h; path = CTSCoreProtocol.h; sourceTree = "<group>"; };
		76DD10471B6657F100AA3EC8 /* CTSCreditCardOption.h */ = {isa = PBXFileReference; fileEncoding = 4; lastKnownFileType = sourcecode.c.h; path = CTSCreditCardOption.h; sourceTree = "<group>"; };
		76DD10481B6657F100AA3EC8 /* CTSDebitCardOption.h */ = {isa = PBXFileReference; fileEncoding = 4; lastKnownFileType = sourcecode.c.h; path = CTSDebitCardOption.h; sourceTree = "<group>"; };
		76DD10491B6657F100AA3EC8 /* CTSElectronicCardUpdate.h */ = {isa = PBXFileReference; fileEncoding = 4; lastKnownFileType = sourcecode.c.h; path = CTSElectronicCardUpdate.h; sourceTree = "<group>"; };
		76DD104A1B6657F100AA3EC8 /* CTSError.h */ = {isa = PBXFileReference; fileEncoding = 4; lastKnownFileType = sourcecode.c.h; path = CTSError.h; sourceTree = "<group>"; };
		76DD104B1B6657F100AA3EC8 /* CTSGetBalanceRes.h */ = {isa = PBXFileReference; fileEncoding = 4; lastKnownFileType = sourcecode.c.h; path = CTSGetBalanceRes.h; sourceTree = "<group>"; };
		76DD104C1B6657F100AA3EC8 /* CTSGuestCheckout.h */ = {isa = PBXFileReference; fileEncoding = 4; lastKnownFileType = sourcecode.c.h; path = CTSGuestCheckout.h; sourceTree = "<group>"; };
		76DD104D1B6657F100AA3EC8 /* CTSLinkRes.h */ = {isa = PBXFileReference; fileEncoding = 4; lastKnownFileType = sourcecode.c.h; path = CTSLinkRes.h; sourceTree = "<group>"; };
		76DD104E1B6657F100AA3EC8 /* CTSLinkUserRes.h */ = {isa = PBXFileReference; fileEncoding = 4; lastKnownFileType = sourcecode.c.h; path = CTSLinkUserRes.h; sourceTree = "<group>"; };
		76DD104F1B6657F100AA3EC8 /* CTSNetbankingOption.h */ = {isa = PBXFileReference; fileEncoding = 4; lastKnownFileType = sourcecode.c.h; path = CTSNetbankingOption.h; sourceTree = "<group>"; };
		76DD10501B6657F100AA3EC8 /* CTSNetBankingUpdate.h */ = {isa = PBXFileReference; fileEncoding = 4; lastKnownFileType = sourcecode.c.h; path = CTSNetBankingUpdate.h; sourceTree = "<group>"; };
		76DD10511B6657F100AA3EC8 /* CTSNewContactProfile.h */ = {isa = PBXFileReference; fileEncoding = 4; lastKnownFileType = sourcecode.c.h; path = CTSNewContactProfile.h; sourceTree = "<group>"; };
		76DD10521B6657F100AA3EC8 /* CTSNewResponseDataProfile.h */ = {isa = PBXFileReference; fileEncoding = 4; lastKnownFileType = sourcecode.c.h; path = CTSNewResponseDataProfile.h; sourceTree = "<group>"; };
		76DD10531B6657F100AA3EC8 /* CTSNewUserProfileReq.h */ = {isa = PBXFileReference; fileEncoding = 4; lastKnownFileType = sourcecode.c.h; path = CTSNewUserProfileReq.h; sourceTree = "<group>"; };
		76DD10541B6657F100AA3EC8 /* CTSOauthManager.h */ = {isa = PBXFileReference; fileEncoding = 4; lastKnownFileType = sourcecode.c.h; path = CTSOauthManager.h; sourceTree = "<group>"; };
		76DD10551B6657F100AA3EC8 /* CTSOauthTokenRes.h */ = {isa = PBXFileReference; fileEncoding = 4; lastKnownFileType = sourcecode.c.h; path = CTSOauthTokenRes.h; sourceTree = "<group>"; };
		76DD10561B6657F100AA3EC8 /* CTSObject.h */ = {isa = PBXFileReference; fileEncoding = 4; lastKnownFileType = sourcecode.c.h; path = CTSObject.h; sourceTree = "<group>"; };
		76DD10571B6657F100AA3EC8 /* CTSPaymentDetailUpdate.h */ = {isa = PBXFileReference; fileEncoding = 4; lastKnownFileType = sourcecode.c.h; path = CTSPaymentDetailUpdate.h; sourceTree = "<group>"; };
		76DD10581B6657F100AA3EC8 /* CTSPaymentLayer.h */ = {isa = PBXFileReference; fileEncoding = 4; lastKnownFileType = sourcecode.c.h; path = CTSPaymentLayer.h; sourceTree = "<group>"; };
		76DD10591B6657F100AA3EC8 /* CTSPaymentLayerConstants.h */ = {isa = PBXFileReference; fileEncoding = 4; lastKnownFileType = sourcecode.c.h; path = CTSPaymentLayerConstants.h; sourceTree = "<group>"; };
		76DD105A1B6657F100AA3EC8 /* CTSPaymentMode.h */ = {isa = PBXFileReference; fileEncoding = 4; lastKnownFileType = sourcecode.c.h; path = CTSPaymentMode.h; sourceTree = "<group>"; };
		76DD105B1B6657F100AA3EC8 /* CTSPaymentNetbankingRequest.h */ = {isa = PBXFileReference; fileEncoding = 4; lastKnownFileType = sourcecode.c.h; path = CTSPaymentNetbankingRequest.h; sourceTree = "<group>"; };
		76DD105C1B6657F100AA3EC8 /* CTSPaymentOption.h */ = {isa = PBXFileReference; fileEncoding = 4; lastKnownFileType = sourcecode.c.h; path = CTSPaymentOption.h; sourceTree = "<group>"; };
		76DD105D1B6657F100AA3EC8 /* CTSPaymentRequest.h */ = {isa = PBXFileReference; fileEncoding = 4; lastKnownFileType = sourcecode.c.h; path = CTSPaymentRequest.h; sourceTree = "<group>"; };
		76DD105E1B6657F100AA3EC8 /* CTSPaymentRes.h */ = {isa = PBXFileReference; fileEncoding = 4; lastKnownFileType = sourcecode.c.h; path = CTSPaymentRes.h; sourceTree = "<group>"; };
		76DD105F1B6657F100AA3EC8 /* CTSPaymentToken.h */ = {isa = PBXFileReference; fileEncoding = 4; lastKnownFileType = sourcecode.c.h; path = CTSPaymentToken.h; sourceTree = "<group>"; };
		76DD10601B6657F100AA3EC8 /* CTSPaymentTransactionRes.h */ = {isa = PBXFileReference; fileEncoding = 4; lastKnownFileType = sourcecode.c.h; path = CTSPaymentTransactionRes.h; sourceTree = "<group>"; };
		76DD10611B6657F100AA3EC8 /* CTSPaymentUpdate.h */ = {isa = PBXFileReference; fileEncoding = 4; lastKnownFileType = sourcecode.c.h; path = CTSPaymentUpdate.h; sourceTree = "<group>"; };
		76DD10621B6657F100AA3EC8 /* CTSPaymentWebViewController.h */ = {isa = PBXFileReference; fileEncoding = 4; lastKnownFileType = sourcecode.c.h; path = CTSPaymentWebViewController.h; sourceTree = "<group>"; };
		76DD10631B6657F100AA3EC8 /* CTSPGHealthRes.h */ = {isa = PBXFileReference; fileEncoding = 4; lastKnownFileType = sourcecode.c.h; path = CTSPGHealthRes.h; sourceTree = "<group>"; };
		76DD10641B6657F100AA3EC8 /* CTSPgSettings.h */ = {isa = PBXFileReference; fileEncoding = 4; lastKnownFileType = sourcecode.c.h; path = CTSPgSettings.h; sourceTree = "<group>"; };
		76DD10651B6657F100AA3EC8 /* CTSPrepaidBill.h */ = {isa = PBXFileReference; fileEncoding = 4; lastKnownFileType = sourcecode.c.h; path = CTSPrepaidBill.h; sourceTree = "<group>"; };
		76DD10661B6657F100AA3EC8 /* CTSPrepaidUpdate.h */ = {isa = PBXFileReference; fileEncoding = 4; lastKnownFileType = sourcecode.c.h; path = CTSPrepaidUpdate.h; sourceTree = "<group>"; };
		76DD10671B6657F100AA3EC8 /* CTSProfileContactNewRes.h */ = {isa = PBXFileReference; fileEncoding = 4; lastKnownFileType = sourcecode.c.h; path = CTSProfileContactNewRes.h; sourceTree = "<group>"; };
		76DD10681B6657F100AA3EC8 /* CTSProfileContactRes.h */ = {isa = PBXFileReference; fileEncoding = 4; lastKnownFileType = sourcecode.c.h; path = CTSProfileContactRes.h; sourceTree = "<group>"; };
		76DD10691B6657F100AA3EC8 /* CTSProfileLayer.h */ = {isa = PBXFileReference; fileEncoding = 4; lastKnownFileType = sourcecode.c.h; path = CTSProfileLayer.h; sourceTree = "<group>"; };
		76DD106A1B6657F100AA3EC8 /* CTSProfileLayerConstants.h */ = {isa = PBXFileReference; fileEncoding = 4; lastKnownFileType = sourcecode.c.h; path = CTSProfileLayerConstants.h; sourceTree = "<group>"; };
		76DD106B1B6657F100AA3EC8 /* CTSProfilePaymentRes.h */ = {isa = PBXFileReference; fileEncoding = 4; lastKnownFileType = sourcecode.c.h; path = CTSProfilePaymentRes.h; sourceTree = "<group>"; };
		76DD106C1B6657F100AA3EC8 /* CTSProfilePrepaidRes.h */ = {isa = PBXFileReference; fileEncoding = 4; lastKnownFileType = sourcecode.c.h; path = CTSProfilePrepaidRes.h; sourceTree = "<group>"; };
		76DD106D1B6657F100AA3EC8 /* CTSResponse.h */ = {isa = PBXFileReference; fileEncoding = 4; lastKnownFileType = sourcecode.c.h; path = CTSResponse.h; sourceTree = "<group>"; };
		76DD106E1B6657F100AA3EC8 /* CTSRestCore.h */ = {isa = PBXFileReference; fileEncoding = 4; lastKnownFileType = sourcecode.c.h; path = CTSRestCore.h; sourceTree = "<group>"; };
		76DD106F1B6657F100AA3EC8 /* CTSRestCoreConstants.h */ = {isa = PBXFileReference; fileEncoding = 4; lastKnownFileType = sourcecode.c.h; path = CTSRestCoreConstants.h; sourceTree = "<group>"; };
		76DD10701B6657F100AA3EC8 /* CTSRestCoreRequest.h */ = {isa = PBXFileReference; fileEncoding = 4; lastKnownFileType = sourcecode.c.h; path = CTSRestCoreRequest.h; sourceTree = "<group>"; };
		76DD10711B6657F100AA3EC8 /* CTSRestCoreResponse.h */ = {isa = PBXFileReference; fileEncoding = 4; lastKnownFileType = sourcecode.c.h; path = CTSRestCoreResponse.h; sourceTree = "<group>"; };
		76DD10721B6657F100AA3EC8 /* CTSRestError.h */ = {isa = PBXFileReference; fileEncoding = 4; lastKnownFileType = sourcecode.c.h; path = CTSRestError.h; sourceTree = "<group>"; };
		76DD10731B6657F100AA3EC8 /* CTSRestObject.h */ = {isa = PBXFileReference; fileEncoding = 4; lastKnownFileType = sourcecode.c.h; path = CTSRestObject.h; sourceTree = "<group>"; };
		76DD10741B6657F100AA3EC8 /* CTSRestPluginBase.h */ = {isa = PBXFileReference; fileEncoding = 4; lastKnownFileType = sourcecode.c.h; path = CTSRestPluginBase.h; sourceTree = "<group>"; };
		76DD10751B6657F100AA3EC8 /* CTSSignUpRes.h */ = {isa = PBXFileReference; fileEncoding = 4; lastKnownFileType = sourcecode.c.h; path = CTSSignUpRes.h; sourceTree = "<group>"; };
		76DD10761B6657F100AA3EC8 /* CTSSignupState.h */ = {isa = PBXFileReference; fileEncoding = 4; lastKnownFileType = sourcecode.c.h; path = CTSSignupState.h; sourceTree = "<group>"; };
		76DD10771B6657F100AA3EC8 /* CTSTokenizedCardPayment.h */ = {isa = PBXFileReference; fileEncoding = 4; lastKnownFileType = sourcecode.c.h; path = CTSTokenizedCardPayment.h; sourceTree = "<group>"; };
		76DD10781B6657F100AA3EC8 /* CTSTokenizedPayment.h */ = {isa = PBXFileReference; fileEncoding = 4; lastKnownFileType = sourcecode.c.h; path = CTSTokenizedPayment.h; sourceTree = "<group>"; };
		76DD10791B6657F100AA3EC8 /* CTSTokenizedPaymentToken.h */ = {isa = PBXFileReference; fileEncoding = 4; lastKnownFileType = sourcecode.c.h; path = CTSTokenizedPaymentToken.h; sourceTree = "<group>"; };
		76DD107A1B6657F100AA3EC8 /* CTSUpdateMobileNumberRes.h */ = {isa = PBXFileReference; fileEncoding = 4; lastKnownFileType = sourcecode.c.h; path = CTSUpdateMobileNumberRes.h; sourceTree = "<group>"; };
		76DD107B1B6657F100AA3EC8 /* CTSUserAddress.h */ = {isa = PBXFileReference; fileEncoding = 4; lastKnownFileType = sourcecode.c.h; path = CTSUserAddress.h; sourceTree = "<group>"; };
		76DD107C1B6657F100AA3EC8 /* CTSUserDetails.h */ = {isa = PBXFileReference; fileEncoding = 4; lastKnownFileType = sourcecode.c.h; path = CTSUserDetails.h; sourceTree = "<group>"; };
		76DD107D1B6657F100AA3EC8 /* CTSUtility.h */ = {isa = PBXFileReference; fileEncoding = 4; lastKnownFileType = sourcecode.c.h; path = CTSUtility.h; sourceTree = "<group>"; };
		76DD107E1B6657F100AA3EC8 /* GetProfileRes.h */ = {isa = PBXFileReference; fileEncoding = 4; lastKnownFileType = sourcecode.c.h; path = GetProfileRes.h; sourceTree = "<group>"; };
		76DD107F1B6657F100AA3EC8 /* JSONAPI.h */ = {isa = PBXFileReference; fileEncoding = 4; lastKnownFileType = sourcecode.c.h; path = JSONAPI.h; sourceTree = "<group>"; };
		76DD10801B6657F100AA3EC8 /* JSONHTTPClient.h */ = {isa = PBXFileReference; fileEncoding = 4; lastKnownFileType = sourcecode.c.h; path = JSONHTTPClient.h; sourceTree = "<group>"; };
		76DD10811B6657F100AA3EC8 /* JSONKeyMapper.h */ = {isa = PBXFileReference; fileEncoding = 4; lastKnownFileType = sourcecode.c.h; path = JSONKeyMapper.h; sourceTree = "<group>"; };
		76DD10821B6657F100AA3EC8 /* JSONModel+CoreData.h */ = {isa = PBXFileReference; fileEncoding = 4; lastKnownFileType = sourcecode.c.h; path = "JSONModel+CoreData.h"; sourceTree = "<group>"; };
		76DD10831B6657F100AA3EC8 /* JSONModel+networking.h */ = {isa = PBXFileReference; fileEncoding = 4; lastKnownFileType = sourcecode.c.h; path = "JSONModel+networking.h"; sourceTree = "<group>"; };
		76DD10841B6657F100AA3EC8 /* JSONModel.h */ = {isa = PBXFileReference; fileEncoding = 4; lastKnownFileType = sourcecode.c.h; path = JSONModel.h; sourceTree = "<group>"; };
		76DD10851B6657F100AA3EC8 /* JSONModelArray.h */ = {isa = PBXFileReference; fileEncoding = 4; lastKnownFileType = sourcecode.c.h; path = JSONModelArray.h; sourceTree = "<group>"; };
		76DD10861B6657F100AA3EC8 /* JSONModelClassProperty.h */ = {isa = PBXFileReference; fileEncoding = 4; lastKnownFileType = sourcecode.c.h; path = JSONModelClassProperty.h; sourceTree = "<group>"; };
		76DD10871B6657F100AA3EC8 /* JSONModelError.h */ = {isa = PBXFileReference; fileEncoding = 4; lastKnownFileType = sourcecode.c.h; path = JSONModelError.h; sourceTree = "<group>"; };
		76DD10881B6657F100AA3EC8 /* JSONModelLib.h */ = {isa = PBXFileReference; fileEncoding = 4; lastKnownFileType = sourcecode.c.h; path = JSONModelLib.h; sourceTree = "<group>"; };
		76DD10891B6657F100AA3EC8 /* JSONValueTransformer.h */ = {isa = PBXFileReference; fileEncoding = 4; lastKnownFileType = sourcecode.c.h; path = JSONValueTransformer.h; sourceTree = "<group>"; };
		76DD108A1B6657F100AA3EC8 /* NSArray+JSONModel.h */ = {isa = PBXFileReference; fileEncoding = 4; lastKnownFileType = sourcecode.c.h; path = "NSArray+JSONModel.h"; sourceTree = "<group>"; };
		76DD108B1B6657F100AA3EC8 /* OauthStatus.h */ = {isa = PBXFileReference; fileEncoding = 4; lastKnownFileType = sourcecode.c.h; path = OauthStatus.h; sourceTree = "<group>"; };
		76DD108C1B6657F100AA3EC8 /* PayLoadWebviewDto.h */ = {isa = PBXFileReference; fileEncoding = 4; lastKnownFileType = sourcecode.c.h; path = PayLoadWebviewDto.h; sourceTree = "<group>"; };
		76DD108D1B6657F100AA3EC8 /* RestLayerConstants.h */ = {isa = PBXFileReference; fileEncoding = 4; lastKnownFileType = sourcecode.c.h; path = RestLayerConstants.h; sourceTree = "<group>"; };
		76DD108E1B6657F100AA3EC8 /* UIUtility.h */ = {isa = PBXFileReference; fileEncoding = 4; lastKnownFileType = sourcecode.c.h; path = UIUtility.h; sourceTree = "<group>"; };
		76DD108F1B6657F100AA3EC8 /* UserLogging.h */ = {isa = PBXFileReference; fileEncoding = 4; lastKnownFileType = sourcecode.c.h; path = UserLogging.h; sourceTree = "<group>"; };
		76DD10901B6657F100AA3EC8 /* Version.h */ = {isa = PBXFileReference; fileEncoding = 4; lastKnownFileType = sourcecode.c.h; path = Version.h; sourceTree = "<group>"; };
		76DD10A31B6657F100AA3EC8 /* libCitrusPayMobile.a */ = {isa = PBXFileReference; lastKnownFileType = archive.ar; path = libCitrusPayMobile.a; sourceTree = "<group>"; };
		76DD10A51B665A0700AA3EC8 /* SampleViewController.h */ = {isa = PBXFileReference; fileEncoding = 4; lastKnownFileType = sourcecode.c.h; path = SampleViewController.h; sourceTree = "<group>"; };
		76DD10A61B665A0700AA3EC8 /* SampleViewController.m */ = {isa = PBXFileReference; fileEncoding = 4; lastKnownFileType = sourcecode.c.objc; path = SampleViewController.m; sourceTree = "<group>"; };
		76DD10A71B665A0700AA3EC8 /* TestParams.h */ = {isa = PBXFileReference; fileEncoding = 4; lastKnownFileType = sourcecode.c.h; path = TestParams.h; sourceTree = "<group>"; };
		76DD10A81B665A0700AA3EC8 /* WebGatewayViewController.h */ = {isa = PBXFileReference; fileEncoding = 4; lastKnownFileType = sourcecode.c.h; path = WebGatewayViewController.h; sourceTree = "<group>"; };
		76DD10A91B665A0700AA3EC8 /* WebGatewayViewController.m */ = {isa = PBXFileReference; fileEncoding = 4; lastKnownFileType = sourcecode.c.objc; path = WebGatewayViewController.m; sourceTree = "<group>"; };
/* End PBXFileReference section */

/* Begin PBXFrameworksBuildPhase section */
		76DD100D1B6657D500AA3EC8 /* Frameworks */ = {
			isa = PBXFrameworksBuildPhase;
			buildActionMask = 2147483647;
			files = (
				76DD10A41B6657F100AA3EC8 /* libCitrusPayMobile.a in Frameworks */,
			);
			runOnlyForDeploymentPostprocessing = 0;
		};
		76DD10261B6657D500AA3EC8 /* Frameworks */ = {
			isa = PBXFrameworksBuildPhase;
			buildActionMask = 2147483647;
			files = (
			);
			runOnlyForDeploymentPostprocessing = 0;
		};
/* End PBXFrameworksBuildPhase section */

/* Begin PBXGroup section */
		76DD10071B6657D500AA3EC8 = {
			isa = PBXGroup;
			children = (
				76DD10391B6657F100AA3EC8 /* include */,
				76DD10A31B6657F100AA3EC8 /* libCitrusPayMobile.a */,
				76DD10121B6657D500AA3EC8 /* CitrusPay-iOS-SDK-Sample-App */,
				76DD102C1B6657D500AA3EC8 /* CitrusPay-iOS-SDK-Sample-AppTests */,
				76DD10111B6657D500AA3EC8 /* Products */,
			);
			sourceTree = "<group>";
		};
		76DD10111B6657D500AA3EC8 /* Products */ = {
			isa = PBXGroup;
			children = (
				76DD10101B6657D500AA3EC8 /* CitrusPay-iOS-SDK-Sample-App.app */,
				76DD10291B6657D500AA3EC8 /* CitrusPay-iOS-SDK-Sample-AppTests.xctest */,
			);
			name = Products;
			sourceTree = "<group>";
		};
		76DD10121B6657D500AA3EC8 /* CitrusPay-iOS-SDK-Sample-App */ = {
			isa = PBXGroup;
			children = (
				76DD10A71B665A0700AA3EC8 /* TestParams.h */,
				76DD10A51B665A0700AA3EC8 /* SampleViewController.h */,
				76DD10A61B665A0700AA3EC8 /* SampleViewController.m */,
				76DD10A81B665A0700AA3EC8 /* WebGatewayViewController.h */,
				76DD10A91B665A0700AA3EC8 /* WebGatewayViewController.m */,
				76DD10171B6657D500AA3EC8 /* AppDelegate.h */,
				76DD10181B6657D500AA3EC8 /* AppDelegate.m */,
				76DD101D1B6657D500AA3EC8 /* Main.storyboard */,
				76DD10201B6657D500AA3EC8 /* Images.xcassets */,
				76DD10221B6657D500AA3EC8 /* LaunchScreen.xib */,
				76DD10131B6657D500AA3EC8 /* Supporting Files */,
			);
			path = "CitrusPay-iOS-SDK-Sample-App";
			sourceTree = "<group>";
		};
		76DD10131B6657D500AA3EC8 /* Supporting Files */ = {
			isa = PBXGroup;
			children = (
				76DD10141B6657D500AA3EC8 /* Info.plist */,
				76DD10151B6657D500AA3EC8 /* main.m */,
			);
			name = "Supporting Files";
			sourceTree = "<group>";
		};
		76DD102C1B6657D500AA3EC8 /* CitrusPay-iOS-SDK-Sample-AppTests */ = {
			isa = PBXGroup;
			children = (
				76DD102F1B6657D500AA3EC8 /* CitrusPay_iOS_SDK_Sample_AppTests.m */,
				76DD102D1B6657D500AA3EC8 /* Supporting Files */,
			);
			path = "CitrusPay-iOS-SDK-Sample-AppTests";
			sourceTree = "<group>";
		};
		76DD102D1B6657D500AA3EC8 /* Supporting Files */ = {
			isa = PBXGroup;
			children = (
				76DD102E1B6657D500AA3EC8 /* Info.plist */,
			);
			name = "Supporting Files";
			sourceTree = "<group>";
		};
		76DD10391B6657F100AA3EC8 /* include */ = {
			isa = PBXGroup;
			children = (
				76DD103A1B6657F100AA3EC8 /* CitrusPayMobile */,
			);
			path = include;
			sourceTree = "<group>";
		};
		76DD103A1B6657F100AA3EC8 /* CitrusPayMobile */ = {
			isa = PBXGroup;
			children = (
				76DD103B1B6657F100AA3EC8 /* CitrusCashRes.h */,
				76DD103C1B6657F100AA3EC8 /* CitrusSdk.h */,
				76DD103D1B6657F100AA3EC8 /* CreditCard-Validator.h */,
				76DD103E1B6657F100AA3EC8 /* CTSAmount.h */,
				76DD103F1B6657F100AA3EC8 /* CTSAuthLayer.h */,
				76DD10401B6657F100AA3EC8 /* CTSAuthLayerConstants.h */,
				76DD10411B6657F100AA3EC8 /* CTSBill.h */,
				76DD10421B6657F100AA3EC8 /* CTSCashoutBankAccount.h */,
				76DD10431B6657F100AA3EC8 /* CTSCashoutBankAccountResp.h */,
				76DD10441B6657F100AA3EC8 /* CTSCashoutToBankRes.h */,
				76DD10451B6657F100AA3EC8 /* CTSContactUpdate.h */,
				76DD10461B6657F100AA3EC8 /* CTSCoreProtocol.h */,
				76DD10471B6657F100AA3EC8 /* CTSCreditCardOption.h */,
				76DD10481B6657F100AA3EC8 /* CTSDebitCardOption.h */,
				76DD10491B6657F100AA3EC8 /* CTSElectronicCardUpdate.h */,
				76DD104A1B6657F100AA3EC8 /* CTSError.h */,
				76DD104B1B6657F100AA3EC8 /* CTSGetBalanceRes.h */,
				76DD104C1B6657F100AA3EC8 /* CTSGuestCheckout.h */,
				76DD104D1B6657F100AA3EC8 /* CTSLinkRes.h */,
				76DD104E1B6657F100AA3EC8 /* CTSLinkUserRes.h */,
				76DD104F1B6657F100AA3EC8 /* CTSNetbankingOption.h */,
				76DD10501B6657F100AA3EC8 /* CTSNetBankingUpdate.h */,
				76DD10511B6657F100AA3EC8 /* CTSNewContactProfile.h */,
				76DD10521B6657F100AA3EC8 /* CTSNewResponseDataProfile.h */,
				76DD10531B6657F100AA3EC8 /* CTSNewUserProfileReq.h */,
				76DD10541B6657F100AA3EC8 /* CTSOauthManager.h */,
				76DD10551B6657F100AA3EC8 /* CTSOauthTokenRes.h */,
				76DD10561B6657F100AA3EC8 /* CTSObject.h */,
				76DD10571B6657F100AA3EC8 /* CTSPaymentDetailUpdate.h */,
				76DD10581B6657F100AA3EC8 /* CTSPaymentLayer.h */,
				76DD10591B6657F100AA3EC8 /* CTSPaymentLayerConstants.h */,
				76DD105A1B6657F100AA3EC8 /* CTSPaymentMode.h */,
				76DD105B1B6657F100AA3EC8 /* CTSPaymentNetbankingRequest.h */,
				76DD105C1B6657F100AA3EC8 /* CTSPaymentOption.h */,
				76DD105D1B6657F100AA3EC8 /* CTSPaymentRequest.h */,
				76DD105E1B6657F100AA3EC8 /* CTSPaymentRes.h */,
				76DD105F1B6657F100AA3EC8 /* CTSPaymentToken.h */,
				76DD10601B6657F100AA3EC8 /* CTSPaymentTransactionRes.h */,
				76DD10611B6657F100AA3EC8 /* CTSPaymentUpdate.h */,
				76DD10621B6657F100AA3EC8 /* CTSPaymentWebViewController.h */,
				76DD10631B6657F100AA3EC8 /* CTSPGHealthRes.h */,
				76DD10641B6657F100AA3EC8 /* CTSPgSettings.h */,
				76DD10651B6657F100AA3EC8 /* CTSPrepaidBill.h */,
				76DD10661B6657F100AA3EC8 /* CTSPrepaidUpdate.h */,
				76DD10671B6657F100AA3EC8 /* CTSProfileContactNewRes.h */,
				76DD10681B6657F100AA3EC8 /* CTSProfileContactRes.h */,
				76DD10691B6657F100AA3EC8 /* CTSProfileLayer.h */,
				76DD106A1B6657F100AA3EC8 /* CTSProfileLayerConstants.h */,
				76DD106B1B6657F100AA3EC8 /* CTSProfilePaymentRes.h */,
				76DD106C1B6657F100AA3EC8 /* CTSProfilePrepaidRes.h */,
				76DD106D1B6657F100AA3EC8 /* CTSResponse.h */,
				76DD106E1B6657F100AA3EC8 /* CTSRestCore.h */,
				76DD106F1B6657F100AA3EC8 /* CTSRestCoreConstants.h */,
				76DD10701B6657F100AA3EC8 /* CTSRestCoreRequest.h */,
				76DD10711B6657F100AA3EC8 /* CTSRestCoreResponse.h */,
				76DD10721B6657F100AA3EC8 /* CTSRestError.h */,
				76DD10731B6657F100AA3EC8 /* CTSRestObject.h */,
				76DD10741B6657F100AA3EC8 /* CTSRestPluginBase.h */,
				76DD10751B6657F100AA3EC8 /* CTSSignUpRes.h */,
				76DD10761B6657F100AA3EC8 /* CTSSignupState.h */,
				76DD10771B6657F100AA3EC8 /* CTSTokenizedCardPayment.h */,
				76DD10781B6657F100AA3EC8 /* CTSTokenizedPayment.h */,
				76DD10791B6657F100AA3EC8 /* CTSTokenizedPaymentToken.h */,
				76DD107A1B6657F100AA3EC8 /* CTSUpdateMobileNumberRes.h */,
				76DD107B1B6657F100AA3EC8 /* CTSUserAddress.h */,
				76DD107C1B6657F100AA3EC8 /* CTSUserDetails.h */,
				76DD107D1B6657F100AA3EC8 /* CTSUtility.h */,
				76DD107E1B6657F100AA3EC8 /* GetProfileRes.h */,
				76DD107F1B6657F100AA3EC8 /* JSONAPI.h */,
				76DD10801B6657F100AA3EC8 /* JSONHTTPClient.h */,
				76DD10811B6657F100AA3EC8 /* JSONKeyMapper.h */,
				76DD10821B6657F100AA3EC8 /* JSONModel+CoreData.h */,
				76DD10831B6657F100AA3EC8 /* JSONModel+networking.h */,
				76DD10841B6657F100AA3EC8 /* JSONModel.h */,
				76DD10851B6657F100AA3EC8 /* JSONModelArray.h */,
				76DD10861B6657F100AA3EC8 /* JSONModelClassProperty.h */,
				76DD10871B6657F100AA3EC8 /* JSONModelError.h */,
				76DD10881B6657F100AA3EC8 /* JSONModelLib.h */,
				76DD10891B6657F100AA3EC8 /* JSONValueTransformer.h */,
				76DD108A1B6657F100AA3EC8 /* NSArray+JSONModel.h */,
				76DD108B1B6657F100AA3EC8 /* OauthStatus.h */,
				76DD108C1B6657F100AA3EC8 /* PayLoadWebviewDto.h */,
				76DD108D1B6657F100AA3EC8 /* RestLayerConstants.h */,
				76DD108E1B6657F100AA3EC8 /* UIUtility.h */,
				76DD108F1B6657F100AA3EC8 /* UserLogging.h */,
				76DD10901B6657F100AA3EC8 /* Version.h */,
			);
			path = CitrusPayMobile;
			sourceTree = "<group>";
		};
/* End PBXGroup section */

/* Begin PBXNativeTarget section */
		76DD100F1B6657D500AA3EC8 /* CitrusPay-iOS-SDK-Sample-App */ = {
			isa = PBXNativeTarget;
			buildConfigurationList = 76DD10331B6657D500AA3EC8 /* Build configuration list for PBXNativeTarget "CitrusPay-iOS-SDK-Sample-App" */;
			buildPhases = (
				76DD100C1B6657D500AA3EC8 /* Sources */,
				76DD100D1B6657D500AA3EC8 /* Frameworks */,
				76DD100E1B6657D500AA3EC8 /* Resources */,
			);
			buildRules = (
			);
			dependencies = (
			);
			name = "CitrusPay-iOS-SDK-Sample-App";
			productName = "CitrusPay-iOS-SDK-Sample-App";
			productReference = 76DD10101B6657D500AA3EC8 /* CitrusPay-iOS-SDK-Sample-App.app */;
			productType = "com.apple.product-type.application";
		};
		76DD10281B6657D500AA3EC8 /* CitrusPay-iOS-SDK-Sample-AppTests */ = {
			isa = PBXNativeTarget;
			buildConfigurationList = 76DD10361B6657D500AA3EC8 /* Build configuration list for PBXNativeTarget "CitrusPay-iOS-SDK-Sample-AppTests" */;
			buildPhases = (
				76DD10251B6657D500AA3EC8 /* Sources */,
				76DD10261B6657D500AA3EC8 /* Frameworks */,
				76DD10271B6657D500AA3EC8 /* Resources */,
			);
			buildRules = (
			);
			dependencies = (
				76DD102B1B6657D500AA3EC8 /* PBXTargetDependency */,
			);
			name = "CitrusPay-iOS-SDK-Sample-AppTests";
			productName = "CitrusPay-iOS-SDK-Sample-AppTests";
			productReference = 76DD10291B6657D500AA3EC8 /* CitrusPay-iOS-SDK-Sample-AppTests.xctest */;
			productType = "com.apple.product-type.bundle.unit-test";
		};
/* End PBXNativeTarget section */

/* Begin PBXProject section */
		76DD10081B6657D500AA3EC8 /* Project object */ = {
			isa = PBXProject;
			attributes = {
				LastUpgradeCheck = 0640;
				ORGANIZATIONNAME = CitrusPay;
				TargetAttributes = {
					76DD100F1B6657D500AA3EC8 = {
						CreatedOnToolsVersion = 6.4;
						DevelopmentTeam = BF75J23QJ2;
					};
					76DD10281B6657D500AA3EC8 = {
						CreatedOnToolsVersion = 6.4;
						TestTargetID = 76DD100F1B6657D500AA3EC8;
					};
				};
			};
			buildConfigurationList = 76DD100B1B6657D500AA3EC8 /* Build configuration list for PBXProject "CitrusPay-iOS-SDK-Sample-App" */;
			compatibilityVersion = "Xcode 3.2";
			developmentRegion = English;
			hasScannedForEncodings = 0;
			knownRegions = (
				en,
				Base,
			);
			mainGroup = 76DD10071B6657D500AA3EC8;
			productRefGroup = 76DD10111B6657D500AA3EC8 /* Products */;
			projectDirPath = "";
			projectRoot = "";
			targets = (
				76DD100F1B6657D500AA3EC8 /* CitrusPay-iOS-SDK-Sample-App */,
				76DD10281B6657D500AA3EC8 /* CitrusPay-iOS-SDK-Sample-AppTests */,
			);
		};
/* End PBXProject section */

/* Begin PBXResourcesBuildPhase section */
		76DD100E1B6657D500AA3EC8 /* Resources */ = {
			isa = PBXResourcesBuildPhase;
			buildActionMask = 2147483647;
			files = (
				76DD101F1B6657D500AA3EC8 /* Main.storyboard in Resources */,
				76DD10241B6657D500AA3EC8 /* LaunchScreen.xib in Resources */,
				76DD10211B6657D500AA3EC8 /* Images.xcassets in Resources */,
			);
			runOnlyForDeploymentPostprocessing = 0;
		};
		76DD10271B6657D500AA3EC8 /* Resources */ = {
			isa = PBXResourcesBuildPhase;
			buildActionMask = 2147483647;
			files = (
			);
			runOnlyForDeploymentPostprocessing = 0;
		};
/* End PBXResourcesBuildPhase section */

/* Begin PBXSourcesBuildPhase section */
		76DD100C1B6657D500AA3EC8 /* Sources */ = {
			isa = PBXSourcesBuildPhase;
			buildActionMask = 2147483647;
			files = (
				76DD10191B6657D500AA3EC8 /* AppDelegate.m in Sources */,
				76DD10AB1B665A0700AA3EC8 /* WebGatewayViewController.m in Sources */,
				76DD10AA1B665A0700AA3EC8 /* SampleViewController.m in Sources */,
				76DD10161B6657D500AA3EC8 /* main.m in Sources */,
			);
			runOnlyForDeploymentPostprocessing = 0;
		};
		76DD10251B6657D500AA3EC8 /* Sources */ = {
			isa = PBXSourcesBuildPhase;
			buildActionMask = 2147483647;
			files = (
				76DD10301B6657D500AA3EC8 /* CitrusPay_iOS_SDK_Sample_AppTests.m in Sources */,
			);
			runOnlyForDeploymentPostprocessing = 0;
		};
/* End PBXSourcesBuildPhase section */

/* Begin PBXTargetDependency section */
		76DD102B1B6657D500AA3EC8 /* PBXTargetDependency */ = {
			isa = PBXTargetDependency;
			target = 76DD100F1B6657D500AA3EC8 /* CitrusPay-iOS-SDK-Sample-App */;
			targetProxy = 76DD102A1B6657D500AA3EC8 /* PBXContainerItemProxy */;
		};
/* End PBXTargetDependency section */

/* Begin PBXVariantGroup section */
		76DD101D1B6657D500AA3EC8 /* Main.storyboard */ = {
			isa = PBXVariantGroup;
			children = (
				76DD101E1B6657D500AA3EC8 /* Base */,
			);
			name = Main.storyboard;
			sourceTree = "<group>";
		};
		76DD10221B6657D500AA3EC8 /* LaunchScreen.xib */ = {
			isa = PBXVariantGroup;
			children = (
				76DD10231B6657D500AA3EC8 /* Base */,
			);
			name = LaunchScreen.xib;
			sourceTree = "<group>";
		};
/* End PBXVariantGroup section */

/* Begin XCBuildConfiguration section */
		76DD10311B6657D500AA3EC8 /* Debug */ = {
			isa = XCBuildConfiguration;
			buildSettings = {
				ALWAYS_SEARCH_USER_PATHS = NO;
				CLANG_CXX_LANGUAGE_STANDARD = "gnu++0x";
				CLANG_CXX_LIBRARY = "libc++";
				CLANG_ENABLE_MODULES = YES;
				CLANG_ENABLE_OBJC_ARC = YES;
				CLANG_WARN_BOOL_CONVERSION = YES;
				CLANG_WARN_CONSTANT_CONVERSION = YES;
				CLANG_WARN_DIRECT_OBJC_ISA_USAGE = YES_ERROR;
				CLANG_WARN_EMPTY_BODY = YES;
				CLANG_WARN_ENUM_CONVERSION = YES;
				CLANG_WARN_INT_CONVERSION = YES;
				CLANG_WARN_OBJC_ROOT_CLASS = YES_ERROR;
				CLANG_WARN_UNREACHABLE_CODE = YES;
				CLANG_WARN__DUPLICATE_METHOD_MATCH = YES;
				"CODE_SIGN_IDENTITY[sdk=iphoneos*]" = "iPhone Developer";
				COPY_PHASE_STRIP = NO;
				DEBUG_INFORMATION_FORMAT = "dwarf-with-dsym";
				ENABLE_STRICT_OBJC_MSGSEND = YES;
				GCC_C_LANGUAGE_STANDARD = gnu99;
				GCC_DYNAMIC_NO_PIC = NO;
				GCC_NO_COMMON_BLOCKS = YES;
				GCC_OPTIMIZATION_LEVEL = 0;
				GCC_PREPROCESSOR_DEFINITIONS = (
					"DEBUG=1",
					"$(inherited)",
				);
				GCC_SYMBOLS_PRIVATE_EXTERN = NO;
				GCC_WARN_64_TO_32_BIT_CONVERSION = YES;
				GCC_WARN_ABOUT_RETURN_TYPE = YES_ERROR;
				GCC_WARN_UNDECLARED_SELECTOR = YES;
				GCC_WARN_UNINITIALIZED_AUTOS = YES_AGGRESSIVE;
				GCC_WARN_UNUSED_FUNCTION = YES;
				GCC_WARN_UNUSED_VARIABLE = YES;
				IPHONEOS_DEPLOYMENT_TARGET = 8.4;
				MTL_ENABLE_DEBUG_INFO = YES;
				ONLY_ACTIVE_ARCH = YES;
				SDKROOT = iphoneos;
			};
			name = Debug;
		};
		76DD10321B6657D500AA3EC8 /* Release */ = {
			isa = XCBuildConfiguration;
			buildSettings = {
				ALWAYS_SEARCH_USER_PATHS = NO;
				CLANG_CXX_LANGUAGE_STANDARD = "gnu++0x";
				CLANG_CXX_LIBRARY = "libc++";
				CLANG_ENABLE_MODULES = YES;
				CLANG_ENABLE_OBJC_ARC = YES;
				CLANG_WARN_BOOL_CONVERSION = YES;
				CLANG_WARN_CONSTANT_CONVERSION = YES;
				CLANG_WARN_DIRECT_OBJC_ISA_USAGE = YES_ERROR;
				CLANG_WARN_EMPTY_BODY = YES;
				CLANG_WARN_ENUM_CONVERSION = YES;
				CLANG_WARN_INT_CONVERSION = YES;
				CLANG_WARN_OBJC_ROOT_CLASS = YES_ERROR;
				CLANG_WARN_UNREACHABLE_CODE = YES;
				CLANG_WARN__DUPLICATE_METHOD_MATCH = YES;
				"CODE_SIGN_IDENTITY[sdk=iphoneos*]" = "iPhone Developer";
				COPY_PHASE_STRIP = NO;
				DEBUG_INFORMATION_FORMAT = "dwarf-with-dsym";
				ENABLE_NS_ASSERTIONS = NO;
				ENABLE_STRICT_OBJC_MSGSEND = YES;
				GCC_C_LANGUAGE_STANDARD = gnu99;
				GCC_NO_COMMON_BLOCKS = YES;
				GCC_WARN_64_TO_32_BIT_CONVERSION = YES;
				GCC_WARN_ABOUT_RETURN_TYPE = YES_ERROR;
				GCC_WARN_UNDECLARED_SELECTOR = YES;
				GCC_WARN_UNINITIALIZED_AUTOS = YES_AGGRESSIVE;
				GCC_WARN_UNUSED_FUNCTION = YES;
				GCC_WARN_UNUSED_VARIABLE = YES;
				IPHONEOS_DEPLOYMENT_TARGET = 8.4;
				MTL_ENABLE_DEBUG_INFO = NO;
				SDKROOT = iphoneos;
				VALIDATE_PRODUCT = YES;
			};
			name = Release;
		};
		76DD10341B6657D500AA3EC8 /* Debug */ = {
			isa = XCBuildConfiguration;
			buildSettings = {
				ASSETCATALOG_COMPILER_APPICON_NAME = AppIcon;
				CODE_SIGN_IDENTITY = "iPhone Developer";
				INFOPLIST_FILE = "CitrusPay-iOS-SDK-Sample-App/Info.plist";
				LD_RUNPATH_SEARCH_PATHS = "$(inherited) @executable_path/Frameworks";
				LIBRARY_SEARCH_PATHS = (
					"$(inherited)",
					"$(PROJECT_DIR)",
				);
				PRODUCT_NAME = "$(TARGET_NAME)";
			};
			name = Debug;
		};
		76DD10351B6657D500AA3EC8 /* Release */ = {
			isa = XCBuildConfiguration;
			buildSettings = {
				ASSETCATALOG_COMPILER_APPICON_NAME = AppIcon;
				CODE_SIGN_IDENTITY = "iPhone Developer";
				INFOPLIST_FILE = "CitrusPay-iOS-SDK-Sample-App/Info.plist";
				LD_RUNPATH_SEARCH_PATHS = "$(inherited) @executable_path/Frameworks";
				LIBRARY_SEARCH_PATHS = (
					"$(inherited)",
					"$(PROJECT_DIR)",
				);
				PRODUCT_NAME = "$(TARGET_NAME)";
			};
			name = Release;
		};
		76DD10371B6657D500AA3EC8 /* Debug */ = {
			isa = XCBuildConfiguration;
			buildSettings = {
				BUNDLE_LOADER = "$(TEST_HOST)";
				FRAMEWORK_SEARCH_PATHS = (
					"$(SDKROOT)/Developer/Library/Frameworks",
					"$(inherited)",
				);
				GCC_PREPROCESSOR_DEFINITIONS = (
					"DEBUG=1",
					"$(inherited)",
				);
				INFOPLIST_FILE = "CitrusPay-iOS-SDK-Sample-AppTests/Info.plist";
				LD_RUNPATH_SEARCH_PATHS = "$(inherited) @executable_path/Frameworks @loader_path/Frameworks";
				PRODUCT_NAME = "$(TARGET_NAME)";
				TEST_HOST = "$(BUILT_PRODUCTS_DIR)/CitrusPay-iOS-SDK-Sample-App.app/CitrusPay-iOS-SDK-Sample-App";
			};
			name = Debug;
		};
		76DD10381B6657D500AA3EC8 /* Release */ = {
			isa = XCBuildConfiguration;
			buildSettings = {
				BUNDLE_LOADER = "$(TEST_HOST)";
				FRAMEWORK_SEARCH_PATHS = (
					"$(SDKROOT)/Developer/Library/Frameworks",
					"$(inherited)",
				);
				INFOPLIST_FILE = "CitrusPay-iOS-SDK-Sample-AppTests/Info.plist";
				LD_RUNPATH_SEARCH_PATHS = "$(inherited) @executable_path/Frameworks @loader_path/Frameworks";
				PRODUCT_NAME = "$(TARGET_NAME)";
				TEST_HOST = "$(BUILT_PRODUCTS_DIR)/CitrusPay-iOS-SDK-Sample-App.app/CitrusPay-iOS-SDK-Sample-App";
			};
			name = Release;
		};
/* End XCBuildConfiguration section */

/* Begin XCConfigurationList section */
		76DD100B1B6657D500AA3EC8 /* Build configuration list for PBXProject "CitrusPay-iOS-SDK-Sample-App" */ = {
			isa = XCConfigurationList;
			buildConfigurations = (
				76DD10311B6657D500AA3EC8 /* Debug */,
				76DD10321B6657D500AA3EC8 /* Release */,
			);
			defaultConfigurationIsVisible = 0;
			defaultConfigurationName = Release;
		};
		76DD10331B6657D500AA3EC8 /* Build configuration list for PBXNativeTarget "CitrusPay-iOS-SDK-Sample-App" */ = {
			isa = XCConfigurationList;
			buildConfigurations = (
				76DD10341B6657D500AA3EC8 /* Debug */,
				76DD10351B6657D500AA3EC8 /* Release */,
			);
			defaultConfigurationIsVisible = 0;
			defaultConfigurationName = Release;
		};
		76DD10361B6657D500AA3EC8 /* Build configuration list for PBXNativeTarget "CitrusPay-iOS-SDK-Sample-AppTests" */ = {
			isa = XCConfigurationList;
			buildConfigurations = (
				76DD10371B6657D500AA3EC8 /* Debug */,
				76DD10381B6657D500AA3EC8 /* Release */,
			);
			defaultConfigurationIsVisible = 0;
			defaultConfigurationName = Release;
		};
/* End XCConfigurationList section */
	};
	rootObject = 76DD10081B6657D500AA3EC8 /* Project object */;
}
